
Microsoft Visual Studio Solution File, Format Version 12.00
# Visual Studio 15
VisualStudioVersion = 15.0.28307.1231
MinimumVisualStudioVersion = 10.0.40219.1
Project("{FAE04EC0-301F-11D3-BF4B-00C04F79EFBC}") = "DateTimeZoneConversion", "DateTimeZoneConversion\DateTimeZoneConversion.csproj", "{8C5CD64F-2610-4AAC-9B1E-A9584C195CC2}"
EndProject
Project("{FAE04EC0-301F-11D3-BF4B-00C04F79EFBC}") = "Sorting", "Sorting\Sorting.csproj", "{2125A3F7-1A46-4360-9DFD-409802304EA8}"
EndProject
Global
	GlobalSection(SolutionConfigurationPlatforms) = preSolution
		Debug|Any CPU = Debug|Any CPU
		Release|Any CPU = Release|Any CPU
	EndGlobalSection
	GlobalSection(ProjectConfigurationPlatforms) = postSolution
		{8C5CD64F-2610-4AAC-9B1E-A9584C195CC2}.Debug|Any CPU.ActiveCfg = Debug|Any CPU
		{8C5CD64F-2610-4AAC-9B1E-A9584C195CC2}.Debug|Any CPU.Build.0 = Debug|Any CPU
		{8C5CD64F-2610-4AAC-9B1E-A9584C195CC2}.Release|Any CPU.ActiveCfg = Release|Any CPU
		{8C5CD64F-2610-4AAC-9B1E-A9584C195CC2}.Release|Any CPU.Build.0 = Release|Any CPU
		{2125A3F7-1A46-4360-9DFD-409802304EA8}.Debug|Any CPU.ActiveCfg = Debug|Any CPU
		{2125A3F7-1A46-4360-9DFD-409802304EA8}.Debug|Any CPU.Build.0 = Debug|Any CPU
		{2125A3F7-1A46-4360-9DFD-409802304EA8}.Release|Any CPU.ActiveCfg = Release|Any CPU
		{2125A3F7-1A46-4360-9DFD-409802304EA8}.Release|Any CPU.Build.0 = Release|Any CPU
	EndGlobalSection
	GlobalSection(SolutionProperties) = preSolution
		HideSolutionNode = FALSE
	EndGlobalSection
	GlobalSection(ExtensibilityGlobals) = postSolution
		SolutionGuid = {7ADA043C-A188-4571-8B09-5CAFD940F02C}
	EndGlobalSection
EndGlobal
